
Microsoft Visual Studio Solution File, Format Version 12.00
# Visual Studio Version 17
VisualStudioVersion = 17.0.31903.59
MinimumVisualStudioVersion = 10.0.40219.1
Project("{F2A71F9B-5D33-465A-A702-920D77279786}") = "Nenuphar.Build", "Nenuphar.Build\Nenuphar.Build.fsproj", "{D7414155-7176-4AB0-A4C2-6906EAFB3769}"
EndProject
Project("{F2A71F9B-5D33-465A-A702-920D77279786}") = "Nenuphar.Analysis", "Nenuphar.Analysis\Nenuphar.Analysis.fsproj", "{D7767A63-B27C-42B9-8DD1-2867EC73748E}"
EndProject
Project("{F2A71F9B-5D33-465A-A702-920D77279786}") = "NPBuild", "NPBuild\NPBuild.fsproj", "{7AC4095B-3514-43D0-8E4D-FA07DEFF13D6}"
EndProject
Global
	GlobalSection(SolutionConfigurationPlatforms) = preSolution
		Debug|Any CPU = Debug|Any CPU
		Release|Any CPU = Release|Any CPU
	EndGlobalSection
	GlobalSection(SolutionProperties) = preSolution
		HideSolutionNode = FALSE
	EndGlobalSection
	GlobalSection(ProjectConfigurationPlatforms) = postSolution
		{D7414155-7176-4AB0-A4C2-6906EAFB3769}.Debug|Any CPU.ActiveCfg = Debug|Any CPU
		{D7414155-7176-4AB0-A4C2-6906EAFB3769}.Debug|Any CPU.Build.0 = Debug|Any CPU
		{D7414155-7176-4AB0-A4C2-6906EAFB3769}.Release|Any CPU.ActiveCfg = Release|Any CPU
		{D7414155-7176-4AB0-A4C2-6906EAFB3769}.Release|Any CPU.Build.0 = Release|Any CPU
		{D7767A63-B27C-42B9-8DD1-2867EC73748E}.Debug|Any CPU.ActiveCfg = Debug|Any CPU
		{D7767A63-B27C-42B9-8DD1-2867EC73748E}.Debug|Any CPU.Build.0 = Debug|Any CPU
		{D7767A63-B27C-42B9-8DD1-2867EC73748E}.Release|Any CPU.ActiveCfg = Release|Any CPU
		{D7767A63-B27C-42B9-8DD1-2867EC73748E}.Release|Any CPU.Build.0 = Release|Any CPU
		{7AC4095B-3514-43D0-8E4D-FA07DEFF13D6}.Debug|Any CPU.ActiveCfg = Debug|Any CPU
		{7AC4095B-3514-43D0-8E4D-FA07DEFF13D6}.Debug|Any CPU.Build.0 = Debug|Any CPU
		{7AC4095B-3514-43D0-8E4D-FA07DEFF13D6}.Release|Any CPU.ActiveCfg = Release|Any CPU
		{7AC4095B-3514-43D0-8E4D-FA07DEFF13D6}.Release|Any CPU.Build.0 = Release|Any CPU
	EndGlobalSection
EndGlobal
